
Microsoft Visual Studio Solution File, Format Version 12.00
# Visual Studio 2017
Project("{FAE04EC0-301F-11D3-BF4B-00C04F79EFBC}") = "God of a Town", "God of a Town.csproj", "{098C0CB3-51FC-4FC1-A689-246D7A0D2F8B}"
EndProject
Global
	GlobalSection(SolutionConfigurationPlatforms) = preSolution
		Debug|Any CPU = Debug|Any CPU
		Release|Any CPU = Release|Any CPU
	EndGlobalSection
	GlobalSection(ProjectConfigurationPlatforms) = postSolution
		{098C0CB3-51FC-4FC1-A689-246D7A0D2F8B}.Debug|Any CPU.ActiveCfg = Debug|Any CPU
		{098C0CB3-51FC-4FC1-A689-246D7A0D2F8B}.Debug|Any CPU.Build.0 = Debug|Any CPU
		{098C0CB3-51FC-4FC1-A689-246D7A0D2F8B}.Release|Any CPU.ActiveCfg = Release|Any CPU
		{098C0CB3-51FC-4FC1-A689-246D7A0D2F8B}.Release|Any CPU.Build.0 = Release|Any CPU
	EndGlobalSection
	GlobalSection(SolutionProperties) = preSolution
		HideSolutionNode = FALSE
	EndGlobalSection
EndGlobal
